
Microsoft Visual Studio Solution File, Format Version 12.00
# Visual Studio Version 16
VisualStudioVersion = 16.0.31424.327
MinimumVisualStudioVersion = 10.0.40219.1
Project("{FAE04EC0-301F-11D3-BF4B-00C04F79EFBC}") = "PixisAir_Team5", "PixisAir_Team5\PixisAir_Team5.csproj", "{8A8523E5-1320-4C2F-90EA-62AB2361EBBC}"
EndProject
Global
	GlobalSection(SolutionConfigurationPlatforms) = preSolution
		Debug|Any CPU = Debug|Any CPU
		Release|Any CPU = Release|Any CPU
	EndGlobalSection
	GlobalSection(ProjectConfigurationPlatforms) = postSolution
		{8A8523E5-1320-4C2F-90EA-62AB2361EBBC}.Debug|Any CPU.ActiveCfg = Debug|Any CPU
		{8A8523E5-1320-4C2F-90EA-62AB2361EBBC}.Debug|Any CPU.Build.0 = Debug|Any CPU
		{8A8523E5-1320-4C2F-90EA-62AB2361EBBC}.Release|Any CPU.ActiveCfg = Release|Any CPU
		{8A8523E5-1320-4C2F-90EA-62AB2361EBBC}.Release|Any CPU.Build.0 = Release|Any CPU
	EndGlobalSection
	GlobalSection(SolutionProperties) = preSolution
		HideSolutionNode = FALSE
	EndGlobalSection
	GlobalSection(ExtensibilityGlobals) = postSolution
		SolutionGuid = {B933A79E-9212-4456-BCC4-B3FAB01D66BD}
	EndGlobalSection
EndGlobal
